// !$*UTF8*$!
{
	archiveVersion = 1;
	classes = {
	};
	objectVersion = 52;
	objects = {

/* Begin PBXBuildFile section */
		9A22B8872564FC2E0024E81A /* AppDelegate.swift in Sources */ = {isa = PBXBuildFile; fileRef = 9A22B8862564FC2E0024E81A /* AppDelegate.swift */; };
		9A22B8892564FC2E0024E81A /* SceneDelegate.swift in Sources */ = {isa = PBXBuildFile; fileRef = 9A22B8882564FC2E0024E81A /* SceneDelegate.swift */; };
		9A22B88E2564FC2E0024E81A /* Main.storyboard in Resources */ = {isa = PBXBuildFile; fileRef = 9A22B88C2564FC2E0024E81A /* Main.storyboard */; };
		9A22B8912564FC2E0024E81A /* Counters.xcdatamodeld in Sources */ = {isa = PBXBuildFile; fileRef = 9A22B88F2564FC2E0024E81A /* Counters.xcdatamodeld */; };
		9A22B8932564FC320024E81A /* Assets.xcassets in Resources */ = {isa = PBXBuildFile; fileRef = 9A22B8922564FC320024E81A /* Assets.xcassets */; };
		9A22B8962564FC320024E81A /* LaunchScreen.storyboard in Resources */ = {isa = PBXBuildFile; fileRef = 9A22B8942564FC320024E81A /* LaunchScreen.storyboard */; };
		9A22B8A12564FC330024E81A /* CountersTests.swift in Sources */ = {isa = PBXBuildFile; fileRef = 9A22B8A02564FC330024E81A /* CountersTests.swift */; };
		9A22B8AC2564FC330024E81A /* CountersUITests.swift in Sources */ = {isa = PBXBuildFile; fileRef = 9A22B8AB2564FC330024E81A /* CountersUITests.swift */; };
		9A22B8CB2565C0E80024E81A /* Alamofire in Frameworks */ = {isa = PBXBuildFile; productRef = 9A22B8CA2565C0E80024E81A /* Alamofire */; };
		9A22B8D12565C19A0024E81A /* RequestProtocol.swift in Sources */ = {isa = PBXBuildFile; fileRef = 9A22B8D02565C19A0024E81A /* RequestProtocol.swift */; };
		9A22B8D92565C1AE0024E81A /* HeadersRequest.swift in Sources */ = {isa = PBXBuildFile; fileRef = 9A22B8D82565C1AE0024E81A /* HeadersRequest.swift */; };
		9A22B8E22565C2E80024E81A /* RequestCounter.swift in Sources */ = {isa = PBXBuildFile; fileRef = 9A22B8E12565C2E80024E81A /* RequestCounter.swift */; };
		9A22B8E82565C7420024E81A /* Configuration.swift in Sources */ = {isa = PBXBuildFile; fileRef = 9A22B8E72565C7420024E81A /* Configuration.swift */; };
		9A22B8F02565C8390024E81A /* TimberjackHelper.swift in Sources */ = {isa = PBXBuildFile; fileRef = 9A22B8EF2565C8390024E81A /* TimberjackHelper.swift */; };
		9A22B8F62565CADC0024E81A /* Rechability.swift in Sources */ = {isa = PBXBuildFile; fileRef = 9A22B8F52565CADC0024E81A /* Rechability.swift */; };
		9A22B8FD2565CB470024E81A /* ServiceDataSourceProtocol.swift in Sources */ = {isa = PBXBuildFile; fileRef = 9A22B8FC2565CB470024E81A /* ServiceDataSourceProtocol.swift */; };
		9A22B9032565CDBD0024E81A /* CounterEntity.swift in Sources */ = {isa = PBXBuildFile; fileRef = 9A22B9022565CDBD0024E81A /* CounterEntity.swift */; };
		9A22B90A2565CE590024E81A /* CounterModel.swift in Sources */ = {isa = PBXBuildFile; fileRef = 9A22B9092565CE590024E81A /* CounterModel.swift */; };
		9A22B90F2565E0570024E81A /* ServiceDataSource.swift in Sources */ = {isa = PBXBuildFile; fileRef = 9A22B90E2565E0560024E81A /* ServiceDataSource.swift */; };
		9A22B9162565E99F0024E81A /* ServiceErrorHandler.swift in Sources */ = {isa = PBXBuildFile; fileRef = 9A22B9152565E99F0024E81A /* ServiceErrorHandler.swift */; };
		9A22B91C2565EA280024E81A /* ErrorEntity.swift in Sources */ = {isa = PBXBuildFile; fileRef = 9A22B91B2565EA280024E81A /* ErrorEntity.swift */; };
		9A22B9262565EA710024E81A /* ErrorModel.swift in Sources */ = {isa = PBXBuildFile; fileRef = 9A22B9252565EA710024E81A /* ErrorModel.swift */; };
		9A22B92B2565ECA70024E81A /* BaseResponseEntity.swift in Sources */ = {isa = PBXBuildFile; fileRef = 9A22B92A2565ECA70024E81A /* BaseResponseEntity.swift */; };
		9A22B9312565EF700024E81A /* CounterRepositoryProtocol.swift in Sources */ = {isa = PBXBuildFile; fileRef = 9A22B9302565EF700024E81A /* CounterRepositoryProtocol.swift */; };
		9A22B9392565F08F0024E81A /* CounterRepository.swift in Sources */ = {isa = PBXBuildFile; fileRef = 9A22B9382565F08F0024E81A /* CounterRepository.swift */; };
		9A22B93F2565F4610024E81A /* Interactor.swift in Sources */ = {isa = PBXBuildFile; fileRef = 9A22B93E2565F4610024E81A /* Interactor.swift */; };
		9A22B9452565F49E0024E81A /* CounterInteractor.swift in Sources */ = {isa = PBXBuildFile; fileRef = 9A22B9442565F49E0024E81A /* CounterInteractor.swift */; };
		9A22B95E2566AFD90024E81A /* ColorPalette.swift in Sources */ = {isa = PBXBuildFile; fileRef = 9A22B95D2566AFD80024E81A /* ColorPalette.swift */; };
		9A22B9672566B33E0024E81A /* Utils.swift in Sources */ = {isa = PBXBuildFile; fileRef = 9A22B9662566B33D0024E81A /* Utils.swift */; };
		9A22B96C2566B4BF0024E81A /* FontsApp.swift in Sources */ = {isa = PBXBuildFile; fileRef = 9A22B96B2566B4BF0024E81A /* FontsApp.swift */; };
		9A53FEA425671A98000E4346 /* Extensions.swift in Sources */ = {isa = PBXBuildFile; fileRef = 9A53FEA325671A98000E4346 /* Extensions.swift */; };
		9A53FEC2256728FA000E4346 /* SFProDisplay-Regular.ttf in Resources */ = {isa = PBXBuildFile; fileRef = 9A53FEC1256728FA000E4346 /* SFProDisplay-Regular.ttf */; };
		9A53FEC725672907000E4346 /* SFProDisplay-Bold.ttf in Resources */ = {isa = PBXBuildFile; fileRef = 9A53FEC625672907000E4346 /* SFProDisplay-Bold.ttf */; };
		9A53FEF025674C52000E4346 /* WelcomeCounterPresenter.swift in Sources */ = {isa = PBXBuildFile; fileRef = 9A53FEEF25674C52000E4346 /* WelcomeCounterPresenter.swift */; };
		9A53FEF825674CD3000E4346 /* WelcomeCounterRouter.swift in Sources */ = {isa = PBXBuildFile; fileRef = 9A53FEF725674CD3000E4346 /* WelcomeCounterRouter.swift */; };
		9A53FF0025674D8A000E4346 /* WelcomeCounterConfigurator.swift in Sources */ = {isa = PBXBuildFile; fileRef = 9A53FEFF25674D8A000E4346 /* WelcomeCounterConfigurator.swift */; };
		9A5D102625677013006A4E1A /* RoundedCornerButton.swift in Sources */ = {isa = PBXBuildFile; fileRef = 9A5D102525677013006A4E1A /* RoundedCornerButton.swift */; };
		9A60D96325695EA900C9272C /* Constants.swift in Sources */ = {isa = PBXBuildFile; fileRef = 9A60D96225695EA900C9272C /* Constants.swift */; };
		9A60D97F256992FB00C9272C /* Localizable.strings in Resources */ = {isa = PBXBuildFile; fileRef = 9A60D97E256992FB00C9272C /* Localizable.strings */; };
		9A60D9A6256AD73300C9272C /* MessageHomeTableViewCell.swift in Sources */ = {isa = PBXBuildFile; fileRef = 9A60D9A4256AD73300C9272C /* MessageHomeTableViewCell.swift */; };
		9A60D9A7256AD73300C9272C /* MessageHomeTableViewCell.xib in Resources */ = {isa = PBXBuildFile; fileRef = 9A60D9A5256AD73300C9272C /* MessageHomeTableViewCell.xib */; };
		9A60D9AD256AD91200C9272C /* HomeViewData.swift in Sources */ = {isa = PBXBuildFile; fileRef = 9A60D9AC256AD91200C9272C /* HomeViewData.swift */; };
		9A60D9C4256AFAD600C9272C /* CreateCounterViewController.swift in Sources */ = {isa = PBXBuildFile; fileRef = 9A60D9C3256AFAD600C9272C /* CreateCounterViewController.swift */; };
		9A60D9CB256AFB4600C9272C /* CreateCounterConfigurator.swift in Sources */ = {isa = PBXBuildFile; fileRef = 9A60D9CA256AFB4600C9272C /* CreateCounterConfigurator.swift */; };
		9A60D9D3256AFB8D00C9272C /* CreateCounterPresenter.swift in Sources */ = {isa = PBXBuildFile; fileRef = 9A60D9D2256AFB8D00C9272C /* CreateCounterPresenter.swift */; };
		9A60D9D8256AFC1300C9272C /* CreateCounterRouter.swift in Sources */ = {isa = PBXBuildFile; fileRef = 9A60D9D7256AFC1300C9272C /* CreateCounterRouter.swift */; };
		9A60D9DD256AFCB000C9272C /* CreateCounter.storyboard in Resources */ = {isa = PBXBuildFile; fileRef = 9A60D9DC256AFCB000C9272C /* CreateCounter.storyboard */; };
		9A60D9E2256B24DB00C9272C /* DesignableTextField.swift in Sources */ = {isa = PBXBuildFile; fileRef = 9A60D9E1256B24D900C9272C /* DesignableTextField.swift */; };
		9A60D9E9256B335000C9272C /* StorageDataSource.swift in Sources */ = {isa = PBXBuildFile; fileRef = 9A60D9E8256B334F00C9272C /* StorageDataSource.swift */; };
		9A60D9F1256B336200C9272C /* StorageDataSourceProtocol.swift in Sources */ = {isa = PBXBuildFile; fileRef = 9A60D9F0256B336200C9272C /* StorageDataSourceProtocol.swift */; };
		9A60D9F6256B346500C9272C /* DatabaseManager.swift in Sources */ = {isa = PBXBuildFile; fileRef = 9A60D9F5256B346500C9272C /* DatabaseManager.swift */; };
		9A60D9FB256B43DA00C9272C /* StorageDataRepository.swift in Sources */ = {isa = PBXBuildFile; fileRef = 9A60D9FA256B43DA00C9272C /* StorageDataRepository.swift */; };
		9A60DA00256B441400C9272C /* StorageDataRepositoryProtocol.swift in Sources */ = {isa = PBXBuildFile; fileRef = 9A60D9FF256B441400C9272C /* StorageDataRepositoryProtocol.swift */; };
		9A89A3AB25675C7C00B7A05D /* WelcomeTableViewCell.swift in Sources */ = {isa = PBXBuildFile; fileRef = 9A89A3A925675C7C00B7A05D /* WelcomeTableViewCell.swift */; };
		9A89A3AC25675C7C00B7A05D /* WelcomeTableViewCell.xib in Resources */ = {isa = PBXBuildFile; fileRef = 9A89A3AA25675C7C00B7A05D /* WelcomeTableViewCell.xib */; };
		9A89A3B725675E4E00B7A05D /* WelcomeCounterController.swift in Sources */ = {isa = PBXBuildFile; fileRef = 9A89A3B625675E4E00B7A05D /* WelcomeCounterController.swift */; };
		9A89A3BC25675FF800B7A05D /* ViewData.swift in Sources */ = {isa = PBXBuildFile; fileRef = 9A89A3BB25675FF800B7A05D /* ViewData.swift */; };
		9A89A3C2256760C900B7A05D /* Protocols.swift in Sources */ = {isa = PBXBuildFile; fileRef = 9A89A3C1256760C900B7A05D /* Protocols.swift */; };
		9AA5D8FA2568BC3800A6D067 /* FilterTableController.swift in Sources */ = {isa = PBXBuildFile; fileRef = 9AA5D8F92568BC3700A6D067 /* FilterTableController.swift */; };
		9AA5D9072568DAFE00A6D067 /* CounterTableViewCell.swift in Sources */ = {isa = PBXBuildFile; fileRef = 9AA5D9052568DAFE00A6D067 /* CounterTableViewCell.swift */; };
		9AA5D9082568DAFE00A6D067 /* CounterTableViewCell.xib in Resources */ = {isa = PBXBuildFile; fileRef = 9AA5D9062568DAFE00A6D067 /* CounterTableViewCell.xib */; };
		9AB932A325677BCE0080FB6F /* Home.storyboard in Resources */ = {isa = PBXBuildFile; fileRef = 9AB932A225677BCE0080FB6F /* Home.storyboard */; };
		9AB932BF25677D370080FB6F /* HomeViewController.swift in Sources */ = {isa = PBXBuildFile; fileRef = 9AB932BE25677D370080FB6F /* HomeViewController.swift */; };
		9AB932C425677D520080FB6F /* HomeViewPresenter.swift in Sources */ = {isa = PBXBuildFile; fileRef = 9AB932C325677D520080FB6F /* HomeViewPresenter.swift */; };
		9AB932C925677D640080FB6F /* HomeViewRouter.swift in Sources */ = {isa = PBXBuildFile; fileRef = 9AB932C825677D640080FB6F /* HomeViewRouter.swift */; };
		9AB932CF256787720080FB6F /* HomeViewConfigurator.swift in Sources */ = {isa = PBXBuildFile; fileRef = 9AB932CE256787720080FB6F /* HomeViewConfigurator.swift */; };
/* End PBXBuildFile section */

/* Begin PBXContainerItemProxy section */
		9A22B89D2564FC320024E81A /* PBXContainerItemProxy */ = {
			isa = PBXContainerItemProxy;
			containerPortal = 9A22B87B2564FC2E0024E81A /* Project object */;
			proxyType = 1;
			remoteGlobalIDString = 9A22B8822564FC2E0024E81A;
			remoteInfo = Counters;
		};
		9A22B8A82564FC330024E81A /* PBXContainerItemProxy */ = {
			isa = PBXContainerItemProxy;
			containerPortal = 9A22B87B2564FC2E0024E81A /* Project object */;
			proxyType = 1;
			remoteGlobalIDString = 9A22B8822564FC2E0024E81A;
			remoteInfo = Counters;
		};
/* End PBXContainerItemProxy section */

/* Begin PBXFileReference section */
		9A22B8832564FC2E0024E81A /* Counters.app */ = {isa = PBXFileReference; explicitFileType = wrapper.application; includeInIndex = 0; path = Counters.app; sourceTree = BUILT_PRODUCTS_DIR; };
		9A22B8862564FC2E0024E81A /* AppDelegate.swift */ = {isa = PBXFileReference; lastKnownFileType = sourcecode.swift; path = AppDelegate.swift; sourceTree = "<group>"; };
		9A22B8882564FC2E0024E81A /* SceneDelegate.swift */ = {isa = PBXFileReference; lastKnownFileType = sourcecode.swift; path = SceneDelegate.swift; sourceTree = "<group>"; };
		9A22B88D2564FC2E0024E81A /* Base */ = {isa = PBXFileReference; lastKnownFileType = file.storyboard; name = Base; path = Base.lproj/Main.storyboard; sourceTree = "<group>"; };
		9A22B8902564FC2E0024E81A /* Counters.xcdatamodel */ = {isa = PBXFileReference; lastKnownFileType = wrapper.xcdatamodel; path = Counters.xcdatamodel; sourceTree = "<group>"; };
		9A22B8922564FC320024E81A /* Assets.xcassets */ = {isa = PBXFileReference; lastKnownFileType = folder.assetcatalog; path = Assets.xcassets; sourceTree = "<group>"; };
		9A22B8952564FC320024E81A /* Base */ = {isa = PBXFileReference; lastKnownFileType = file.storyboard; name = Base; path = Base.lproj/LaunchScreen.storyboard; sourceTree = "<group>"; };
		9A22B8972564FC320024E81A /* Info.plist */ = {isa = PBXFileReference; lastKnownFileType = text.plist.xml; path = Info.plist; sourceTree = "<group>"; };
		9A22B89C2564FC320024E81A /* CountersTests.xctest */ = {isa = PBXFileReference; explicitFileType = wrapper.cfbundle; includeInIndex = 0; path = CountersTests.xctest; sourceTree = BUILT_PRODUCTS_DIR; };
		9A22B8A02564FC330024E81A /* CountersTests.swift */ = {isa = PBXFileReference; lastKnownFileType = sourcecode.swift; path = CountersTests.swift; sourceTree = "<group>"; };
		9A22B8A22564FC330024E81A /* Info.plist */ = {isa = PBXFileReference; lastKnownFileType = text.plist.xml; path = Info.plist; sourceTree = "<group>"; };
		9A22B8A72564FC330024E81A /* CountersUITests.xctest */ = {isa = PBXFileReference; explicitFileType = wrapper.cfbundle; includeInIndex = 0; path = CountersUITests.xctest; sourceTree = BUILT_PRODUCTS_DIR; };
		9A22B8AB2564FC330024E81A /* CountersUITests.swift */ = {isa = PBXFileReference; lastKnownFileType = sourcecode.swift; path = CountersUITests.swift; sourceTree = "<group>"; };
		9A22B8AD2564FC330024E81A /* Info.plist */ = {isa = PBXFileReference; lastKnownFileType = text.plist.xml; path = Info.plist; sourceTree = "<group>"; };
		9A22B8D02565C19A0024E81A /* RequestProtocol.swift */ = {isa = PBXFileReference; lastKnownFileType = sourcecode.swift; path = RequestProtocol.swift; sourceTree = "<group>"; };
		9A22B8D82565C1AE0024E81A /* HeadersRequest.swift */ = {isa = PBXFileReference; lastKnownFileType = sourcecode.swift; path = HeadersRequest.swift; sourceTree = "<group>"; };
		9A22B8E12565C2E80024E81A /* RequestCounter.swift */ = {isa = PBXFileReference; lastKnownFileType = sourcecode.swift; path = RequestCounter.swift; sourceTree = "<group>"; };
		9A22B8E72565C7420024E81A /* Configuration.swift */ = {isa = PBXFileReference; lastKnownFileType = sourcecode.swift; path = Configuration.swift; sourceTree = "<group>"; };
		9A22B8EF2565C8390024E81A /* TimberjackHelper.swift */ = {isa = PBXFileReference; lastKnownFileType = sourcecode.swift; path = TimberjackHelper.swift; sourceTree = "<group>"; };
		9A22B8F52565CADC0024E81A /* Rechability.swift */ = {isa = PBXFileReference; lastKnownFileType = sourcecode.swift; path = Rechability.swift; sourceTree = "<group>"; };
		9A22B8FC2565CB470024E81A /* ServiceDataSourceProtocol.swift */ = {isa = PBXFileReference; lastKnownFileType = sourcecode.swift; path = ServiceDataSourceProtocol.swift; sourceTree = "<group>"; };
		9A22B9022565CDBD0024E81A /* CounterEntity.swift */ = {isa = PBXFileReference; lastKnownFileType = sourcecode.swift; path = CounterEntity.swift; sourceTree = "<group>"; };
		9A22B9092565CE590024E81A /* CounterModel.swift */ = {isa = PBXFileReference; lastKnownFileType = sourcecode.swift; path = CounterModel.swift; sourceTree = "<group>"; };
		9A22B90E2565E0560024E81A /* ServiceDataSource.swift */ = {isa = PBXFileReference; lastKnownFileType = sourcecode.swift; path = ServiceDataSource.swift; sourceTree = "<group>"; };
		9A22B9152565E99F0024E81A /* ServiceErrorHandler.swift */ = {isa = PBXFileReference; lastKnownFileType = sourcecode.swift; path = ServiceErrorHandler.swift; sourceTree = "<group>"; };
		9A22B91B2565EA280024E81A /* ErrorEntity.swift */ = {isa = PBXFileReference; lastKnownFileType = sourcecode.swift; path = ErrorEntity.swift; sourceTree = "<group>"; };
		9A22B9252565EA710024E81A /* ErrorModel.swift */ = {isa = PBXFileReference; lastKnownFileType = sourcecode.swift; path = ErrorModel.swift; sourceTree = "<group>"; };
		9A22B92A2565ECA70024E81A /* BaseResponseEntity.swift */ = {isa = PBXFileReference; lastKnownFileType = sourcecode.swift; path = BaseResponseEntity.swift; sourceTree = "<group>"; };
		9A22B9302565EF700024E81A /* CounterRepositoryProtocol.swift */ = {isa = PBXFileReference; lastKnownFileType = sourcecode.swift; path = CounterRepositoryProtocol.swift; sourceTree = "<group>"; };
		9A22B9382565F08F0024E81A /* CounterRepository.swift */ = {isa = PBXFileReference; lastKnownFileType = sourcecode.swift; path = CounterRepository.swift; sourceTree = "<group>"; };
		9A22B93E2565F4610024E81A /* Interactor.swift */ = {isa = PBXFileReference; lastKnownFileType = sourcecode.swift; path = Interactor.swift; sourceTree = "<group>"; };
		9A22B9442565F49E0024E81A /* CounterInteractor.swift */ = {isa = PBXFileReference; lastKnownFileType = sourcecode.swift; path = CounterInteractor.swift; sourceTree = "<group>"; };
		9A22B95D2566AFD80024E81A /* ColorPalette.swift */ = {isa = PBXFileReference; lastKnownFileType = sourcecode.swift; path = ColorPalette.swift; sourceTree = "<group>"; };
		9A22B9662566B33D0024E81A /* Utils.swift */ = {isa = PBXFileReference; lastKnownFileType = sourcecode.swift; path = Utils.swift; sourceTree = "<group>"; };
		9A22B96B2566B4BF0024E81A /* FontsApp.swift */ = {isa = PBXFileReference; lastKnownFileType = sourcecode.swift; path = FontsApp.swift; sourceTree = "<group>"; };
		9A53FEA325671A98000E4346 /* Extensions.swift */ = {isa = PBXFileReference; lastKnownFileType = sourcecode.swift; path = Extensions.swift; sourceTree = "<group>"; };
		9A53FEC1256728FA000E4346 /* SFProDisplay-Regular.ttf */ = {isa = PBXFileReference; lastKnownFileType = file; path = "SFProDisplay-Regular.ttf"; sourceTree = "<group>"; };
		9A53FEC625672907000E4346 /* SFProDisplay-Bold.ttf */ = {isa = PBXFileReference; lastKnownFileType = file; path = "SFProDisplay-Bold.ttf"; sourceTree = "<group>"; };
		9A53FEEF25674C52000E4346 /* WelcomeCounterPresenter.swift */ = {isa = PBXFileReference; lastKnownFileType = sourcecode.swift; path = WelcomeCounterPresenter.swift; sourceTree = "<group>"; };
		9A53FEF725674CD3000E4346 /* WelcomeCounterRouter.swift */ = {isa = PBXFileReference; lastKnownFileType = sourcecode.swift; path = WelcomeCounterRouter.swift; sourceTree = "<group>"; };
		9A53FEFF25674D8A000E4346 /* WelcomeCounterConfigurator.swift */ = {isa = PBXFileReference; lastKnownFileType = sourcecode.swift; path = WelcomeCounterConfigurator.swift; sourceTree = "<group>"; };
		9A5D102525677013006A4E1A /* RoundedCornerButton.swift */ = {isa = PBXFileReference; lastKnownFileType = sourcecode.swift; path = RoundedCornerButton.swift; sourceTree = "<group>"; };
		9A60D96225695EA900C9272C /* Constants.swift */ = {isa = PBXFileReference; lastKnownFileType = sourcecode.swift; path = Constants.swift; sourceTree = "<group>"; };
		9A60D97E256992FB00C9272C /* Localizable.strings */ = {isa = PBXFileReference; lastKnownFileType = text.plist.strings; path = Localizable.strings; sourceTree = "<group>"; };
		9A60D9A4256AD73300C9272C /* MessageHomeTableViewCell.swift */ = {isa = PBXFileReference; lastKnownFileType = sourcecode.swift; path = MessageHomeTableViewCell.swift; sourceTree = "<group>"; };
		9A60D9A5256AD73300C9272C /* MessageHomeTableViewCell.xib */ = {isa = PBXFileReference; lastKnownFileType = file.xib; path = MessageHomeTableViewCell.xib; sourceTree = "<group>"; };
		9A60D9AC256AD91200C9272C /* HomeViewData.swift */ = {isa = PBXFileReference; lastKnownFileType = sourcecode.swift; path = HomeViewData.swift; sourceTree = "<group>"; };
		9A60D9C3256AFAD600C9272C /* CreateCounterViewController.swift */ = {isa = PBXFileReference; lastKnownFileType = sourcecode.swift; path = CreateCounterViewController.swift; sourceTree = "<group>"; };
		9A60D9CA256AFB4600C9272C /* CreateCounterConfigurator.swift */ = {isa = PBXFileReference; lastKnownFileType = sourcecode.swift; path = CreateCounterConfigurator.swift; sourceTree = "<group>"; };
		9A60D9D2256AFB8D00C9272C /* CreateCounterPresenter.swift */ = {isa = PBXFileReference; lastKnownFileType = sourcecode.swift; path = CreateCounterPresenter.swift; sourceTree = "<group>"; };
		9A60D9D7256AFC1300C9272C /* CreateCounterRouter.swift */ = {isa = PBXFileReference; lastKnownFileType = sourcecode.swift; path = CreateCounterRouter.swift; sourceTree = "<group>"; };
		9A60D9DC256AFCB000C9272C /* CreateCounter.storyboard */ = {isa = PBXFileReference; lastKnownFileType = file.storyboard; path = CreateCounter.storyboard; sourceTree = "<group>"; };
		9A60D9E1256B24D900C9272C /* DesignableTextField.swift */ = {isa = PBXFileReference; lastKnownFileType = sourcecode.swift; path = DesignableTextField.swift; sourceTree = "<group>"; };
		9A60D9E8256B334F00C9272C /* StorageDataSource.swift */ = {isa = PBXFileReference; lastKnownFileType = sourcecode.swift; path = StorageDataSource.swift; sourceTree = "<group>"; };
		9A60D9F0256B336200C9272C /* StorageDataSourceProtocol.swift */ = {isa = PBXFileReference; lastKnownFileType = sourcecode.swift; path = StorageDataSourceProtocol.swift; sourceTree = "<group>"; };
		9A60D9F5256B346500C9272C /* DatabaseManager.swift */ = {isa = PBXFileReference; lastKnownFileType = sourcecode.swift; path = DatabaseManager.swift; sourceTree = "<group>"; };
		9A60D9FA256B43DA00C9272C /* StorageDataRepository.swift */ = {isa = PBXFileReference; lastKnownFileType = sourcecode.swift; path = StorageDataRepository.swift; sourceTree = "<group>"; };
		9A60D9FF256B441400C9272C /* StorageDataRepositoryProtocol.swift */ = {isa = PBXFileReference; lastKnownFileType = sourcecode.swift; path = StorageDataRepositoryProtocol.swift; sourceTree = "<group>"; };
		9A89A3A925675C7C00B7A05D /* WelcomeTableViewCell.swift */ = {isa = PBXFileReference; lastKnownFileType = sourcecode.swift; path = WelcomeTableViewCell.swift; sourceTree = "<group>"; };
		9A89A3AA25675C7C00B7A05D /* WelcomeTableViewCell.xib */ = {isa = PBXFileReference; lastKnownFileType = file.xib; path = WelcomeTableViewCell.xib; sourceTree = "<group>"; };
		9A89A3B625675E4E00B7A05D /* WelcomeCounterController.swift */ = {isa = PBXFileReference; fileEncoding = 4; lastKnownFileType = sourcecode.swift; path = WelcomeCounterController.swift; sourceTree = "<group>"; };
		9A89A3BB25675FF800B7A05D /* ViewData.swift */ = {isa = PBXFileReference; lastKnownFileType = sourcecode.swift; path = ViewData.swift; sourceTree = "<group>"; };
		9A89A3C1256760C900B7A05D /* Protocols.swift */ = {isa = PBXFileReference; lastKnownFileType = sourcecode.swift; path = Protocols.swift; sourceTree = "<group>"; };
		9AA5D8F92568BC3700A6D067 /* FilterTableController.swift */ = {isa = PBXFileReference; lastKnownFileType = sourcecode.swift; path = FilterTableController.swift; sourceTree = "<group>"; };
		9AA5D9052568DAFE00A6D067 /* CounterTableViewCell.swift */ = {isa = PBXFileReference; lastKnownFileType = sourcecode.swift; path = CounterTableViewCell.swift; sourceTree = "<group>"; };
		9AA5D9062568DAFE00A6D067 /* CounterTableViewCell.xib */ = {isa = PBXFileReference; lastKnownFileType = file.xib; path = CounterTableViewCell.xib; sourceTree = "<group>"; };
		9AB932A225677BCE0080FB6F /* Home.storyboard */ = {isa = PBXFileReference; lastKnownFileType = file.storyboard; path = Home.storyboard; sourceTree = "<group>"; };
		9AB932BE25677D370080FB6F /* HomeViewController.swift */ = {isa = PBXFileReference; lastKnownFileType = sourcecode.swift; path = HomeViewController.swift; sourceTree = "<group>"; };
		9AB932C325677D520080FB6F /* HomeViewPresenter.swift */ = {isa = PBXFileReference; lastKnownFileType = sourcecode.swift; path = HomeViewPresenter.swift; sourceTree = "<group>"; };
		9AB932C825677D640080FB6F /* HomeViewRouter.swift */ = {isa = PBXFileReference; lastKnownFileType = sourcecode.swift; path = HomeViewRouter.swift; sourceTree = "<group>"; };
		9AB932CE256787720080FB6F /* HomeViewConfigurator.swift */ = {isa = PBXFileReference; lastKnownFileType = sourcecode.swift; path = HomeViewConfigurator.swift; sourceTree = "<group>"; };
/* End PBXFileReference section */

/* Begin PBXFrameworksBuildPhase section */
		9A22B8802564FC2E0024E81A /* Frameworks */ = {
			isa = PBXFrameworksBuildPhase;
			buildActionMask = 2147483647;
			files = (
				9A22B8CB2565C0E80024E81A /* Alamofire in Frameworks */,
			);
			runOnlyForDeploymentPostprocessing = 0;
		};
		9A22B8992564FC320024E81A /* Frameworks */ = {
			isa = PBXFrameworksBuildPhase;
			buildActionMask = 2147483647;
			files = (
			);
			runOnlyForDeploymentPostprocessing = 0;
		};
		9A22B8A42564FC330024E81A /* Frameworks */ = {
			isa = PBXFrameworksBuildPhase;
			buildActionMask = 2147483647;
			files = (
			);
			runOnlyForDeploymentPostprocessing = 0;
		};
/* End PBXFrameworksBuildPhase section */

/* Begin PBXGroup section */
		9A22B87A2564FC2E0024E81A = {
			isa = PBXGroup;
			children = (
				9A22B8852564FC2E0024E81A /* Counters */,
				9A22B8BD2565BED10024E81A /* Domain */,
				9A22B8BC2565BECB0024E81A /* Data */,
				9A22B89F2564FC330024E81A /* CountersTests */,
				9A22B8AA2564FC330024E81A /* CountersUITests */,
				9A22B8842564FC2E0024E81A /* Products */,
			);
			sourceTree = "<group>";
		};
		9A22B8842564FC2E0024E81A /* Products */ = {
			isa = PBXGroup;
			children = (
				9A22B8832564FC2E0024E81A /* Counters.app */,
				9A22B89C2564FC320024E81A /* CountersTests.xctest */,
				9A22B8A72564FC330024E81A /* CountersUITests.xctest */,
			);
			name = Products;
			sourceTree = "<group>";
		};
		9A22B8852564FC2E0024E81A /* Counters */ = {
			isa = PBXGroup;
			children = (
				9A22B8BE2565BEFA0024E81A /* Presentation */,
				9A22B8862564FC2E0024E81A /* AppDelegate.swift */,
				9A22B8882564FC2E0024E81A /* SceneDelegate.swift */,
				9A22B8922564FC320024E81A /* Assets.xcassets */,
				9A22B8942564FC320024E81A /* LaunchScreen.storyboard */,
				9A22B8972564FC320024E81A /* Info.plist */,
				9A22B88F2564FC2E0024E81A /* Counters.xcdatamodeld */,
			);
			path = Counters;
			sourceTree = "<group>";
		};
		9A22B89F2564FC330024E81A /* CountersTests */ = {
			isa = PBXGroup;
			children = (
				9A22B8A02564FC330024E81A /* CountersTests.swift */,
				9A22B8A22564FC330024E81A /* Info.plist */,
			);
			path = CountersTests;
			sourceTree = "<group>";
		};
		9A22B8AA2564FC330024E81A /* CountersUITests */ = {
			isa = PBXGroup;
			children = (
				9A22B8AB2564FC330024E81A /* CountersUITests.swift */,
				9A22B8AD2564FC330024E81A /* Info.plist */,
			);
			path = CountersUITests;
			sourceTree = "<group>";
		};
		9A22B8BC2565BECB0024E81A /* Data */ = {
			isa = PBXGroup;
			children = (
				9A22B8C72565BFC80024E81A /* Entity */,
				9A22B8C62565BFC10024E81A /* DataSource */,
				9A22B8C52565BFB20024E81A /* Repository */,
			);
			path = Data;
			sourceTree = "<group>";
		};
		9A22B8BD2565BED10024E81A /* Domain */ = {
			isa = PBXGroup;
			children = (
				9A22B93D2565F42E0024E81A /* Interactor */,
				9A22B92F2565EF490024E81A /* Repository */,
				9A22B9072565CE3E0024E81A /* Model */,
			);
			path = Domain;
			sourceTree = "<group>";
		};
		9A22B8BE2565BEFA0024E81A /* Presentation */ = {
			isa = PBXGroup;
			children = (
				9A22B8BF2565BF050024E81A /* WelcomeCounter */,
				9AB9329E25677B780080FB6F /* HomeCounter */,
				9A22B8C02565BF0C0024E81A /* CreateCounter */,
				9A22B8C12565BF170024E81A /* ExampleCounter */,
				9A22B949256610040024E81A /* Views */,
				9A5D102225676F97006A4E1A /* Support */,
				9A22B94D256638A20024E81A /* Resources */,
			);
			path = Presentation;
			sourceTree = "<group>";
		};
		9A22B8BF2565BF050024E81A /* WelcomeCounter */ = {
			isa = PBXGroup;
			children = (
				9A53FED725674B3E000E4346 /* Router */,
				9A53FED625674B39000E4346 /* Presenter */,
				9A53FED525674B03000E4346 /* View */,
			);
			path = WelcomeCounter;
			sourceTree = "<group>";
		};
		9A22B8C02565BF0C0024E81A /* CreateCounter */ = {
			isa = PBXGroup;
			children = (
				9A60D9C2256AFA0500C9272C /* Router */,
				9A60D9C1256AF9FF00C9272C /* Presenter */,
				9A60D9C0256AF9F900C9272C /* View */,
			);
			path = CreateCounter;
			sourceTree = "<group>";
		};
		9A22B8C12565BF170024E81A /* ExampleCounter */ = {
			isa = PBXGroup;
			children = (
			);
			path = ExampleCounter;
			sourceTree = "<group>";
		};
		9A22B8C52565BFB20024E81A /* Repository */ = {
			isa = PBXGroup;
			children = (
				9A22B9382565F08F0024E81A /* CounterRepository.swift */,
				9A60D9FA256B43DA00C9272C /* StorageDataRepository.swift */,
			);
			path = Repository;
			sourceTree = "<group>";
		};
		9A22B8C62565BFC10024E81A /* DataSource */ = {
			isa = PBXGroup;
			children = (
				9A60D9E6256B330C00C9272C /* Storage */,
				9A22B8C82565BFF70024E81A /* Network */,
			);
			path = DataSource;
			sourceTree = "<group>";
		};
		9A22B8C72565BFC80024E81A /* Entity */ = {
			isa = PBXGroup;
			children = (
				9A22B91A2565EA160024E81A /* ErrorEntity */,
				9A22B9012565CDA10024E81A /* CounterEntity */,
				9A22B92A2565ECA70024E81A /* BaseResponseEntity.swift */,
			);
			path = Entity;
			sourceTree = "<group>";
		};
		9A22B8C82565BFF70024E81A /* Network */ = {
			isa = PBXGroup;
			children = (
				9A22B8CF2565C1780024E81A /* Request */,
				9A22B9132565E96E0024E81A /* Responses */,
				9A22B8FB2565CB200024E81A /* Protocols */,
				9A22B8FA2565CB0F0024E81A /* Implementation */,
				9A22B8F42565CABA0024E81A /* Rechability */,
				9A22B8E62565C72A0024E81A /* Setup */,
			);
			path = Network;
			sourceTree = "<group>";
		};
		9A22B8CF2565C1780024E81A /* Request */ = {
			isa = PBXGroup;
			children = (
				9A22B8E02565C2620024E81A /* RequestCounter */,
				9A22B8D02565C19A0024E81A /* RequestProtocol.swift */,
				9A22B8D82565C1AE0024E81A /* HeadersRequest.swift */,
			);
			path = Request;
			sourceTree = "<group>";
		};
		9A22B8E02565C2620024E81A /* RequestCounter */ = {
			isa = PBXGroup;
			children = (
				9A22B8E12565C2E80024E81A /* RequestCounter.swift */,
			);
			path = RequestCounter;
			sourceTree = "<group>";
		};
		9A22B8E62565C72A0024E81A /* Setup */ = {
			isa = PBXGroup;
			children = (
				9A22B8E72565C7420024E81A /* Configuration.swift */,
				9A22B8EF2565C8390024E81A /* TimberjackHelper.swift */,
			);
			path = Setup;
			sourceTree = "<group>";
		};
		9A22B8F42565CABA0024E81A /* Rechability */ = {
			isa = PBXGroup;
			children = (
				9A22B8F52565CADC0024E81A /* Rechability.swift */,
			);
			path = Rechability;
			sourceTree = "<group>";
		};
		9A22B8FA2565CB0F0024E81A /* Implementation */ = {
			isa = PBXGroup;
			children = (
				9A22B90E2565E0560024E81A /* ServiceDataSource.swift */,
			);
			path = Implementation;
			sourceTree = "<group>";
		};
		9A22B8FB2565CB200024E81A /* Protocols */ = {
			isa = PBXGroup;
			children = (
				9A22B8FC2565CB470024E81A /* ServiceDataSourceProtocol.swift */,
			);
			path = Protocols;
			sourceTree = "<group>";
		};
		9A22B9012565CDA10024E81A /* CounterEntity */ = {
			isa = PBXGroup;
			children = (
				9A22B9022565CDBD0024E81A /* CounterEntity.swift */,
			);
			path = CounterEntity;
			sourceTree = "<group>";
		};
		9A22B9072565CE3E0024E81A /* Model */ = {
			isa = PBXGroup;
			children = (
				9A22B9232565EA450024E81A /* ErrorModel */,
				9A22B9082565CE440024E81A /* CounterModel */,
			);
			path = Model;
			sourceTree = "<group>";
		};
		9A22B9082565CE440024E81A /* CounterModel */ = {
			isa = PBXGroup;
			children = (
				9A22B9092565CE590024E81A /* CounterModel.swift */,
			);
			path = CounterModel;
			sourceTree = "<group>";
		};
		9A22B9132565E96E0024E81A /* Responses */ = {
			isa = PBXGroup;
			children = (
				9A22B9142565E9780024E81A /* Error */,
			);
			path = Responses;
			sourceTree = "<group>";
		};
		9A22B9142565E9780024E81A /* Error */ = {
			isa = PBXGroup;
			children = (
				9A22B9152565E99F0024E81A /* ServiceErrorHandler.swift */,
			);
			path = Error;
			sourceTree = "<group>";
		};
		9A22B91A2565EA160024E81A /* ErrorEntity */ = {
			isa = PBXGroup;
			children = (
				9A22B91B2565EA280024E81A /* ErrorEntity.swift */,
			);
			path = ErrorEntity;
			sourceTree = "<group>";
		};
		9A22B9232565EA450024E81A /* ErrorModel */ = {
			isa = PBXGroup;
			children = (
				9A22B9252565EA710024E81A /* ErrorModel.swift */,
			);
			path = ErrorModel;
			sourceTree = "<group>";
		};
		9A22B92F2565EF490024E81A /* Repository */ = {
			isa = PBXGroup;
			children = (
				9A22B9302565EF700024E81A /* CounterRepositoryProtocol.swift */,
				9A60D9FF256B441400C9272C /* StorageDataRepositoryProtocol.swift */,
			);
			path = Repository;
			sourceTree = "<group>";
		};
		9A22B93D2565F42E0024E81A /* Interactor */ = {
			isa = PBXGroup;
			children = (
				9A22B93E2565F4610024E81A /* Interactor.swift */,
				9A22B9432565F4810024E81A /* Services */,
			);
			path = Interactor;
			sourceTree = "<group>";
		};
		9A22B9432565F4810024E81A /* Services */ = {
			isa = PBXGroup;
			children = (
				9A22B9442565F49E0024E81A /* CounterInteractor.swift */,
			);
			path = Services;
			sourceTree = "<group>";
		};
		9A22B949256610040024E81A /* Views */ = {
			isa = PBXGroup;
			children = (
				9A22B88C2564FC2E0024E81A /* Main.storyboard */,
				9AB932A225677BCE0080FB6F /* Home.storyboard */,
				9A60D9DC256AFCB000C9272C /* CreateCounter.storyboard */,
			);
			path = Views;
			sourceTree = "<group>";
		};
		9A22B94D256638A20024E81A /* Resources */ = {
			isa = PBXGroup;
			children = (
				9A60D97D256992DF00C9272C /* Localizable */,
				9A22B95C2566AFA90024E81A /* Colors */,
				9A22B94E256638AF0024E81A /* Fonts */,
			);
			path = Resources;
			sourceTree = "<group>";
		};
		9A22B94E256638AF0024E81A /* Fonts */ = {
			isa = PBXGroup;
			children = (
				9A53FEC1256728FA000E4346 /* SFProDisplay-Regular.ttf */,
				9A53FEC625672907000E4346 /* SFProDisplay-Bold.ttf */,
				9A22B96B2566B4BF0024E81A /* FontsApp.swift */,
			);
			path = Fonts;
			sourceTree = "<group>";
		};
		9A22B95C2566AFA90024E81A /* Colors */ = {
			isa = PBXGroup;
			children = (
				9A22B95D2566AFD80024E81A /* ColorPalette.swift */,
			);
			path = Colors;
			sourceTree = "<group>";
		};
		9A22B9652566B3150024E81A /* Utils */ = {
			isa = PBXGroup;
			children = (
				9A22B9662566B33D0024E81A /* Utils.swift */,
				9A60D96225695EA900C9272C /* Constants.swift */,
			);
			path = Utils;
			sourceTree = "<group>";
		};
		9A53FEA225671A86000E4346 /* Extensions */ = {
			isa = PBXGroup;
			children = (
				9A53FEA325671A98000E4346 /* Extensions.swift */,
			);
			path = Extensions;
			sourceTree = "<group>";
		};
		9A53FED525674B03000E4346 /* View */ = {
			isa = PBXGroup;
			children = (
				9A89A3C6256764F500B7A05D /* ViewData */,
				9A89A3A825675C5300B7A05D /* Cell */,
				9A89A3A725675C4900B7A05D /* Controller */,
				9A53FED825674B57000E4346 /* Configurator */,
			);
			path = View;
			sourceTree = "<group>";
		};
		9A53FED625674B39000E4346 /* Presenter */ = {
			isa = PBXGroup;
			children = (
				9A53FEEF25674C52000E4346 /* WelcomeCounterPresenter.swift */,
			);
			path = Presenter;
			sourceTree = "<group>";
		};
		9A53FED725674B3E000E4346 /* Router */ = {
			isa = PBXGroup;
			children = (
				9A53FEF725674CD3000E4346 /* WelcomeCounterRouter.swift */,
			);
			path = Router;
			sourceTree = "<group>";
		};
		9A53FED825674B57000E4346 /* Configurator */ = {
			isa = PBXGroup;
			children = (
				9A53FEFF25674D8A000E4346 /* WelcomeCounterConfigurator.swift */,
			);
			path = Configurator;
			sourceTree = "<group>";
		};
		9A5D102225676F97006A4E1A /* Support */ = {
			isa = PBXGroup;
			children = (
				9A53FEA225671A86000E4346 /* Extensions */,
				9A89A3C0256760B400B7A05D /* Protocols */,
				9A22B9652566B3150024E81A /* Utils */,
				9A5D102325676FBA006A4E1A /* GenericElements */,
			);
			path = Support;
			sourceTree = "<group>";
		};
		9A5D102325676FBA006A4E1A /* GenericElements */ = {
			isa = PBXGroup;
			children = (
				9A5D102425676FD4006A4E1A /* Views */,
			);
			path = GenericElements;
			sourceTree = "<group>";
		};
		9A5D102425676FD4006A4E1A /* Views */ = {
			isa = PBXGroup;
			children = (
				9A5D102525677013006A4E1A /* RoundedCornerButton.swift */,
				9A60D9E1256B24D900C9272C /* DesignableTextField.swift */,
			);
			path = Views;
			sourceTree = "<group>";
		};
		9A60D97D256992DF00C9272C /* Localizable */ = {
			isa = PBXGroup;
			children = (
				9A60D97E256992FB00C9272C /* Localizable.strings */,
			);
			path = Localizable;
			sourceTree = "<group>";
		};
		9A60D9AB256AD90200C9272C /* ViewData */ = {
			isa = PBXGroup;
			children = (
				9A60D9AC256AD91200C9272C /* HomeViewData.swift */,
			);
			path = ViewData;
			sourceTree = "<group>";
		};
		9A60D9C0256AF9F900C9272C /* View */ = {
			isa = PBXGroup;
			children = (
				9A60D9C9256AFB3700C9272C /* Configurator */,
				9A60D9C8256AFB2E00C9272C /* Controller */,
			);
			path = View;
			sourceTree = "<group>";
		};
		9A60D9C1256AF9FF00C9272C /* Presenter */ = {
			isa = PBXGroup;
			children = (
				9A60D9D2256AFB8D00C9272C /* CreateCounterPresenter.swift */,
			);
			path = Presenter;
			sourceTree = "<group>";
		};
		9A60D9C2256AFA0500C9272C /* Router */ = {
			isa = PBXGroup;
			children = (
				9A60D9D7256AFC1300C9272C /* CreateCounterRouter.swift */,
			);
			path = Router;
			sourceTree = "<group>";
		};
		9A60D9C8256AFB2E00C9272C /* Controller */ = {
			isa = PBXGroup;
			children = (
				9A60D9C3256AFAD600C9272C /* CreateCounterViewController.swift */,
			);
			path = Controller;
			sourceTree = "<group>";
		};
		9A60D9C9256AFB3700C9272C /* Configurator */ = {
			isa = PBXGroup;
			children = (
				9A60D9CA256AFB4600C9272C /* CreateCounterConfigurator.swift */,
			);
			path = Configurator;
			sourceTree = "<group>";
		};
		9A60D9E6256B330C00C9272C /* Storage */ = {
			isa = PBXGroup;
			children = (
				9A60D9E7256B331F00C9272C /* CoreData */,
				9A60D9E8256B334F00C9272C /* StorageDataSource.swift */,
				9A60D9F0256B336200C9272C /* StorageDataSourceProtocol.swift */,
			);
			path = Storage;
			sourceTree = "<group>";
		};
		9A60D9E7256B331F00C9272C /* CoreData */ = {
			isa = PBXGroup;
			children = (
				9A60D9F5256B346500C9272C /* DatabaseManager.swift */,
			);
			path = CoreData;
			sourceTree = "<group>";
		};
		9A89A3A725675C4900B7A05D /* Controller */ = {
			isa = PBXGroup;
			children = (
				9A89A3B625675E4E00B7A05D /* WelcomeCounterController.swift */,
			);
			path = Controller;
			sourceTree = "<group>";
		};
		9A89A3A825675C5300B7A05D /* Cell */ = {
			isa = PBXGroup;
			children = (
				9A89A3A925675C7C00B7A05D /* WelcomeTableViewCell.swift */,
				9A89A3AA25675C7C00B7A05D /* WelcomeTableViewCell.xib */,
			);
			path = Cell;
			sourceTree = "<group>";
		};
		9A89A3C0256760B400B7A05D /* Protocols */ = {
			isa = PBXGroup;
			children = (
				9A89A3C1256760C900B7A05D /* Protocols.swift */,
			);
			path = Protocols;
			sourceTree = "<group>";
		};
		9A89A3C6256764F500B7A05D /* ViewData */ = {
			isa = PBXGroup;
			children = (
				9A89A3BB25675FF800B7A05D /* ViewData.swift */,
			);
			path = ViewData;
			sourceTree = "<group>";
		};
		9AA5D9042568DA5800A6D067 /* Cells */ = {
			isa = PBXGroup;
			children = (
				9AA5D9052568DAFE00A6D067 /* CounterTableViewCell.swift */,
				9AA5D9062568DAFE00A6D067 /* CounterTableViewCell.xib */,
				9A60D9A4256AD73300C9272C /* MessageHomeTableViewCell.swift */,
				9A60D9A5256AD73300C9272C /* MessageHomeTableViewCell.xib */,
			);
			path = Cells;
			sourceTree = "<group>";
		};
		9AB9329E25677B780080FB6F /* HomeCounter */ = {
			isa = PBXGroup;
			children = (
				9AB932A125677B920080FB6F /* Router */,
				9AB932A025677B8B0080FB6F /* Presenter */,
				9AB9329F25677B860080FB6F /* View */,
			);
			path = HomeCounter;
			sourceTree = "<group>";
		};
		9AB9329F25677B860080FB6F /* View */ = {
			isa = PBXGroup;
			children = (
				9A60D9AB256AD90200C9272C /* ViewData */,
				9AB932CD256787580080FB6F /* Configurator */,
				9AA5D9042568DA5800A6D067 /* Cells */,
				9AB932A725677CA60080FB6F /* Controller */,
			);
			path = View;
			sourceTree = "<group>";
		};
		9AB932A025677B8B0080FB6F /* Presenter */ = {
			isa = PBXGroup;
			children = (
				9AB932C325677D520080FB6F /* HomeViewPresenter.swift */,
			);
			path = Presenter;
			sourceTree = "<group>";
		};
		9AB932A125677B920080FB6F /* Router */ = {
			isa = PBXGroup;
			children = (
				9AB932C825677D640080FB6F /* HomeViewRouter.swift */,
			);
			path = Router;
			sourceTree = "<group>";
		};
		9AB932A725677CA60080FB6F /* Controller */ = {
			isa = PBXGroup;
			children = (
				9AB932BE25677D370080FB6F /* HomeViewController.swift */,
				9AA5D8F92568BC3700A6D067 /* FilterTableController.swift */,
			);
			path = Controller;
			sourceTree = "<group>";
		};
		9AB932CD256787580080FB6F /* Configurator */ = {
			isa = PBXGroup;
			children = (
				9AB932CE256787720080FB6F /* HomeViewConfigurator.swift */,
			);
			path = Configurator;
			sourceTree = "<group>";
		};
/* End PBXGroup section */

/* Begin PBXNativeTarget section */
		9A22B8822564FC2E0024E81A /* Counters */ = {
			isa = PBXNativeTarget;
			buildConfigurationList = 9A22B8B02564FC330024E81A /* Build configuration list for PBXNativeTarget "Counters" */;
			buildPhases = (
				9A22B87F2564FC2E0024E81A /* Sources */,
				9A22B8802564FC2E0024E81A /* Frameworks */,
				9A22B8812564FC2E0024E81A /* Resources */,
			);
			buildRules = (
			);
			dependencies = (
			);
			name = Counters;
			packageProductDependencies = (
				9A22B8CA2565C0E80024E81A /* Alamofire */,
			);
			productName = Counters;
			productReference = 9A22B8832564FC2E0024E81A /* Counters.app */;
			productType = "com.apple.product-type.application";
		};
		9A22B89B2564FC320024E81A /* CountersTests */ = {
			isa = PBXNativeTarget;
			buildConfigurationList = 9A22B8B32564FC330024E81A /* Build configuration list for PBXNativeTarget "CountersTests" */;
			buildPhases = (
				9A22B8982564FC320024E81A /* Sources */,
				9A22B8992564FC320024E81A /* Frameworks */,
				9A22B89A2564FC320024E81A /* Resources */,
			);
			buildRules = (
			);
			dependencies = (
				9A22B89E2564FC320024E81A /* PBXTargetDependency */,
			);
			name = CountersTests;
			productName = CountersTests;
			productReference = 9A22B89C2564FC320024E81A /* CountersTests.xctest */;
			productType = "com.apple.product-type.bundle.unit-test";
		};
		9A22B8A62564FC330024E81A /* CountersUITests */ = {
			isa = PBXNativeTarget;
			buildConfigurationList = 9A22B8B62564FC330024E81A /* Build configuration list for PBXNativeTarget "CountersUITests" */;
			buildPhases = (
				9A22B8A32564FC330024E81A /* Sources */,
				9A22B8A42564FC330024E81A /* Frameworks */,
				9A22B8A52564FC330024E81A /* Resources */,
			);
			buildRules = (
			);
			dependencies = (
				9A22B8A92564FC330024E81A /* PBXTargetDependency */,
			);
			name = CountersUITests;
			productName = CountersUITests;
			productReference = 9A22B8A72564FC330024E81A /* CountersUITests.xctest */;
			productType = "com.apple.product-type.bundle.ui-testing";
		};
/* End PBXNativeTarget section */

/* Begin PBXProject section */
		9A22B87B2564FC2E0024E81A /* Project object */ = {
			isa = PBXProject;
			attributes = {
				LastSwiftUpdateCheck = 1210;
				LastUpgradeCheck = 1210;
				TargetAttributes = {
					9A22B8822564FC2E0024E81A = {
						CreatedOnToolsVersion = 12.1;
					};
					9A22B89B2564FC320024E81A = {
						CreatedOnToolsVersion = 12.1;
						TestTargetID = 9A22B8822564FC2E0024E81A;
					};
					9A22B8A62564FC330024E81A = {
						CreatedOnToolsVersion = 12.1;
						TestTargetID = 9A22B8822564FC2E0024E81A;
					};
				};
			};
			buildConfigurationList = 9A22B87E2564FC2E0024E81A /* Build configuration list for PBXProject "Counters" */;
			compatibilityVersion = "Xcode 9.3";
			developmentRegion = en;
			hasScannedForEncodings = 0;
			knownRegions = (
				en,
				Base,
			);
			mainGroup = 9A22B87A2564FC2E0024E81A;
			packageReferences = (
				9A22B8C92565C0E80024E81A /* XCRemoteSwiftPackageReference "Alamofire" */,
			);
			productRefGroup = 9A22B8842564FC2E0024E81A /* Products */;
			projectDirPath = "";
			projectRoot = "";
			targets = (
				9A22B8822564FC2E0024E81A /* Counters */,
				9A22B89B2564FC320024E81A /* CountersTests */,
				9A22B8A62564FC330024E81A /* CountersUITests */,
			);
		};
/* End PBXProject section */

/* Begin PBXResourcesBuildPhase section */
		9A22B8812564FC2E0024E81A /* Resources */ = {
			isa = PBXResourcesBuildPhase;
			buildActionMask = 2147483647;
			files = (
				9AB932A325677BCE0080FB6F /* Home.storyboard in Resources */,
				9A22B8962564FC320024E81A /* LaunchScreen.storyboard in Resources */,
				9A22B8932564FC320024E81A /* Assets.xcassets in Resources */,
				9A53FEC2256728FA000E4346 /* SFProDisplay-Regular.ttf in Resources */,
				9A60D97F256992FB00C9272C /* Localizable.strings in Resources */,
				9AA5D9082568DAFE00A6D067 /* CounterTableViewCell.xib in Resources */,
				9A53FEC725672907000E4346 /* SFProDisplay-Bold.ttf in Resources */,
				9A89A3AC25675C7C00B7A05D /* WelcomeTableViewCell.xib in Resources */,
				9A22B88E2564FC2E0024E81A /* Main.storyboard in Resources */,
				9A60D9DD256AFCB000C9272C /* CreateCounter.storyboard in Resources */,
				9A60D9A7256AD73300C9272C /* MessageHomeTableViewCell.xib in Resources */,
			);
			runOnlyForDeploymentPostprocessing = 0;
		};
		9A22B89A2564FC320024E81A /* Resources */ = {
			isa = PBXResourcesBuildPhase;
			buildActionMask = 2147483647;
			files = (
			);
			runOnlyForDeploymentPostprocessing = 0;
		};
		9A22B8A52564FC330024E81A /* Resources */ = {
			isa = PBXResourcesBuildPhase;
			buildActionMask = 2147483647;
			files = (
			);
			runOnlyForDeploymentPostprocessing = 0;
		};
/* End PBXResourcesBuildPhase section */

/* Begin PBXSourcesBuildPhase section */
		9A22B87F2564FC2E0024E81A /* Sources */ = {
			isa = PBXSourcesBuildPhase;
			buildActionMask = 2147483647;
			files = (
				9AA5D8FA2568BC3800A6D067 /* FilterTableController.swift in Sources */,
				9A22B9262565EA710024E81A /* ErrorModel.swift in Sources */,
				9AB932CF256787720080FB6F /* HomeViewConfigurator.swift in Sources */,
				9A22B8E22565C2E80024E81A /* RequestCounter.swift in Sources */,
				9A22B8912564FC2E0024E81A /* Counters.xcdatamodeld in Sources */,
				9AB932BF25677D370080FB6F /* HomeViewController.swift in Sources */,
				9A60D9AD256AD91200C9272C /* HomeViewData.swift in Sources */,
				9A22B91C2565EA280024E81A /* ErrorEntity.swift in Sources */,
				9A22B9452565F49E0024E81A /* CounterInteractor.swift in Sources */,
				9A60D9CB256AFB4600C9272C /* CreateCounterConfigurator.swift in Sources */,
				9A22B96C2566B4BF0024E81A /* FontsApp.swift in Sources */,
				9A53FF0025674D8A000E4346 /* WelcomeCounterConfigurator.swift in Sources */,
				9A22B8F02565C8390024E81A /* TimberjackHelper.swift in Sources */,
				9A22B8FD2565CB470024E81A /* ServiceDataSourceProtocol.swift in Sources */,
				9A22B8872564FC2E0024E81A /* AppDelegate.swift in Sources */,
				9A22B90A2565CE590024E81A /* CounterModel.swift in Sources */,
				9A53FEF825674CD3000E4346 /* WelcomeCounterRouter.swift in Sources */,
				9A22B8892564FC2E0024E81A /* SceneDelegate.swift in Sources */,
				9A60D9C4256AFAD600C9272C /* CreateCounterViewController.swift in Sources */,
				9A22B9032565CDBD0024E81A /* CounterEntity.swift in Sources */,
				9A22B8F62565CADC0024E81A /* Rechability.swift in Sources */,
				9A5D102625677013006A4E1A /* RoundedCornerButton.swift in Sources */,
				9A60D9FB256B43DA00C9272C /* StorageDataRepository.swift in Sources */,
				9A60D9F1256B336200C9272C /* StorageDataSourceProtocol.swift in Sources */,
				9A60D9D3256AFB8D00C9272C /* CreateCounterPresenter.swift in Sources */,
				9A89A3C2256760C900B7A05D /* Protocols.swift in Sources */,
				9A22B93F2565F4610024E81A /* Interactor.swift in Sources */,
				9A22B9312565EF700024E81A /* CounterRepositoryProtocol.swift in Sources */,
				9A22B90F2565E0570024E81A /* ServiceDataSource.swift in Sources */,
				9AA5D9072568DAFE00A6D067 /* CounterTableViewCell.swift in Sources */,
				9A22B9162565E99F0024E81A /* ServiceErrorHandler.swift in Sources */,
				9A22B8D92565C1AE0024E81A /* HeadersRequest.swift in Sources */,
				9A22B8E82565C7420024E81A /* Configuration.swift in Sources */,
				9A60D9F6256B346500C9272C /* DatabaseManager.swift in Sources */,
				9A60D96325695EA900C9272C /* Constants.swift in Sources */,
				9A60DA00256B441400C9272C /* StorageDataRepositoryProtocol.swift in Sources */,
				9A22B92B2565ECA70024E81A /* BaseResponseEntity.swift in Sources */,
				9A53FEA425671A98000E4346 /* Extensions.swift in Sources */,
				9A60D9E9256B335000C9272C /* StorageDataSource.swift in Sources */,
				9A53FEF025674C52000E4346 /* WelcomeCounterPresenter.swift in Sources */,
				9A60D9A6256AD73300C9272C /* MessageHomeTableViewCell.swift in Sources */,
				9A22B9392565F08F0024E81A /* CounterRepository.swift in Sources */,
				9A89A3AB25675C7C00B7A05D /* WelcomeTableViewCell.swift in Sources */,
				9AB932C425677D520080FB6F /* HomeViewPresenter.swift in Sources */,
				9A22B8D12565C19A0024E81A /* RequestProtocol.swift in Sources */,
				9A89A3B725675E4E00B7A05D /* WelcomeCounterController.swift in Sources */,
				9A60D9D8256AFC1300C9272C /* CreateCounterRouter.swift in Sources */,
				9AB932C925677D640080FB6F /* HomeViewRouter.swift in Sources */,
				9A22B95E2566AFD90024E81A /* ColorPalette.swift in Sources */,
				9A22B9672566B33E0024E81A /* Utils.swift in Sources */,
				9A60D9E2256B24DB00C9272C /* DesignableTextField.swift in Sources */,
				9A89A3BC25675FF800B7A05D /* ViewData.swift in Sources */,
			);
			runOnlyForDeploymentPostprocessing = 0;
		};
		9A22B8982564FC320024E81A /* Sources */ = {
			isa = PBXSourcesBuildPhase;
			buildActionMask = 2147483647;
			files = (
				9A22B8A12564FC330024E81A /* CountersTests.swift in Sources */,
			);
			runOnlyForDeploymentPostprocessing = 0;
		};
		9A22B8A32564FC330024E81A /* Sources */ = {
			isa = PBXSourcesBuildPhase;
			buildActionMask = 2147483647;
			files = (
				9A22B8AC2564FC330024E81A /* CountersUITests.swift in Sources */,
			);
			runOnlyForDeploymentPostprocessing = 0;
		};
/* End PBXSourcesBuildPhase section */

/* Begin PBXTargetDependency section */
		9A22B89E2564FC320024E81A /* PBXTargetDependency */ = {
			isa = PBXTargetDependency;
			target = 9A22B8822564FC2E0024E81A /* Counters */;
			targetProxy = 9A22B89D2564FC320024E81A /* PBXContainerItemProxy */;
		};
		9A22B8A92564FC330024E81A /* PBXTargetDependency */ = {
			isa = PBXTargetDependency;
			target = 9A22B8822564FC2E0024E81A /* Counters */;
			targetProxy = 9A22B8A82564FC330024E81A /* PBXContainerItemProxy */;
		};
/* End PBXTargetDependency section */

/* Begin PBXVariantGroup section */
		9A22B88C2564FC2E0024E81A /* Main.storyboard */ = {
			isa = PBXVariantGroup;
			children = (
				9A22B88D2564FC2E0024E81A /* Base */,
			);
			name = Main.storyboard;
			sourceTree = "<group>";
		};
		9A22B8942564FC320024E81A /* LaunchScreen.storyboard */ = {
			isa = PBXVariantGroup;
			children = (
				9A22B8952564FC320024E81A /* Base */,
			);
			name = LaunchScreen.storyboard;
			sourceTree = "<group>";
		};
/* End PBXVariantGroup section */

/* Begin XCBuildConfiguration section */
		9A22B8AE2564FC330024E81A /* Debug */ = {
			isa = XCBuildConfiguration;
			buildSettings = {
				ALWAYS_SEARCH_USER_PATHS = NO;
				CLANG_ANALYZER_NONNULL = YES;
				CLANG_ANALYZER_NUMBER_OBJECT_CONVERSION = YES_AGGRESSIVE;
				CLANG_CXX_LANGUAGE_STANDARD = "gnu++14";
				CLANG_CXX_LIBRARY = "libc++";
				CLANG_ENABLE_MODULES = YES;
				CLANG_ENABLE_OBJC_ARC = YES;
				CLANG_ENABLE_OBJC_WEAK = YES;
				CLANG_WARN_BLOCK_CAPTURE_AUTORELEASING = YES;
				CLANG_WARN_BOOL_CONVERSION = YES;
				CLANG_WARN_COMMA = YES;
				CLANG_WARN_CONSTANT_CONVERSION = YES;
				CLANG_WARN_DEPRECATED_OBJC_IMPLEMENTATIONS = YES;
				CLANG_WARN_DIRECT_OBJC_ISA_USAGE = YES_ERROR;
				CLANG_WARN_DOCUMENTATION_COMMENTS = YES;
				CLANG_WARN_EMPTY_BODY = YES;
				CLANG_WARN_ENUM_CONVERSION = YES;
				CLANG_WARN_INFINITE_RECURSION = YES;
				CLANG_WARN_INT_CONVERSION = YES;
				CLANG_WARN_NON_LITERAL_NULL_CONVERSION = YES;
				CLANG_WARN_OBJC_IMPLICIT_RETAIN_SELF = YES;
				CLANG_WARN_OBJC_LITERAL_CONVERSION = YES;
				CLANG_WARN_OBJC_ROOT_CLASS = YES_ERROR;
				CLANG_WARN_QUOTED_INCLUDE_IN_FRAMEWORK_HEADER = YES;
				CLANG_WARN_RANGE_LOOP_ANALYSIS = YES;
				CLANG_WARN_STRICT_PROTOTYPES = YES;
				CLANG_WARN_SUSPICIOUS_MOVE = YES;
				CLANG_WARN_UNGUARDED_AVAILABILITY = YES_AGGRESSIVE;
				CLANG_WARN_UNREACHABLE_CODE = YES;
				CLANG_WARN__DUPLICATE_METHOD_MATCH = YES;
				COPY_PHASE_STRIP = NO;
				DEBUG_INFORMATION_FORMAT = dwarf;
				ENABLE_STRICT_OBJC_MSGSEND = YES;
				ENABLE_TESTABILITY = YES;
				GCC_C_LANGUAGE_STANDARD = gnu11;
				GCC_DYNAMIC_NO_PIC = NO;
				GCC_NO_COMMON_BLOCKS = YES;
				GCC_OPTIMIZATION_LEVEL = 0;
				GCC_PREPROCESSOR_DEFINITIONS = (
					"DEBUG=1",
					"$(inherited)",
				);
				GCC_WARN_64_TO_32_BIT_CONVERSION = YES;
				GCC_WARN_ABOUT_RETURN_TYPE = YES_ERROR;
				GCC_WARN_UNDECLARED_SELECTOR = YES;
				GCC_WARN_UNINITIALIZED_AUTOS = YES_AGGRESSIVE;
				GCC_WARN_UNUSED_FUNCTION = YES;
				GCC_WARN_UNUSED_VARIABLE = YES;
				IPHONEOS_DEPLOYMENT_TARGET = 14.1;
				MTL_ENABLE_DEBUG_INFO = INCLUDE_SOURCE;
				MTL_FAST_MATH = YES;
				ONLY_ACTIVE_ARCH = YES;
				SDKROOT = iphoneos;
				SWIFT_ACTIVE_COMPILATION_CONDITIONS = DEBUG;
				SWIFT_OPTIMIZATION_LEVEL = "-Onone";
			};
			name = Debug;
		};
		9A22B8AF2564FC330024E81A /* Release */ = {
			isa = XCBuildConfiguration;
			buildSettings = {
				ALWAYS_SEARCH_USER_PATHS = NO;
				CLANG_ANALYZER_NONNULL = YES;
				CLANG_ANALYZER_NUMBER_OBJECT_CONVERSION = YES_AGGRESSIVE;
				CLANG_CXX_LANGUAGE_STANDARD = "gnu++14";
				CLANG_CXX_LIBRARY = "libc++";
				CLANG_ENABLE_MODULES = YES;
				CLANG_ENABLE_OBJC_ARC = YES;
				CLANG_ENABLE_OBJC_WEAK = YES;
				CLANG_WARN_BLOCK_CAPTURE_AUTORELEASING = YES;
				CLANG_WARN_BOOL_CONVERSION = YES;
				CLANG_WARN_COMMA = YES;
				CLANG_WARN_CONSTANT_CONVERSION = YES;
				CLANG_WARN_DEPRECATED_OBJC_IMPLEMENTATIONS = YES;
				CLANG_WARN_DIRECT_OBJC_ISA_USAGE = YES_ERROR;
				CLANG_WARN_DOCUMENTATION_COMMENTS = YES;
				CLANG_WARN_EMPTY_BODY = YES;
				CLANG_WARN_ENUM_CONVERSION = YES;
				CLANG_WARN_INFINITE_RECURSION = YES;
				CLANG_WARN_INT_CONVERSION = YES;
				CLANG_WARN_NON_LITERAL_NULL_CONVERSION = YES;
				CLANG_WARN_OBJC_IMPLICIT_RETAIN_SELF = YES;
				CLANG_WARN_OBJC_LITERAL_CONVERSION = YES;
				CLANG_WARN_OBJC_ROOT_CLASS = YES_ERROR;
				CLANG_WARN_QUOTED_INCLUDE_IN_FRAMEWORK_HEADER = YES;
				CLANG_WARN_RANGE_LOOP_ANALYSIS = YES;
				CLANG_WARN_STRICT_PROTOTYPES = YES;
				CLANG_WARN_SUSPICIOUS_MOVE = YES;
				CLANG_WARN_UNGUARDED_AVAILABILITY = YES_AGGRESSIVE;
				CLANG_WARN_UNREACHABLE_CODE = YES;
				CLANG_WARN__DUPLICATE_METHOD_MATCH = YES;
				COPY_PHASE_STRIP = NO;
				DEBUG_INFORMATION_FORMAT = "dwarf-with-dsym";
				ENABLE_NS_ASSERTIONS = NO;
				ENABLE_STRICT_OBJC_MSGSEND = YES;
				GCC_C_LANGUAGE_STANDARD = gnu11;
				GCC_NO_COMMON_BLOCKS = YES;
				GCC_WARN_64_TO_32_BIT_CONVERSION = YES;
				GCC_WARN_ABOUT_RETURN_TYPE = YES_ERROR;
				GCC_WARN_UNDECLARED_SELECTOR = YES;
				GCC_WARN_UNINITIALIZED_AUTOS = YES_AGGRESSIVE;
				GCC_WARN_UNUSED_FUNCTION = YES;
				GCC_WARN_UNUSED_VARIABLE = YES;
				IPHONEOS_DEPLOYMENT_TARGET = 14.1;
				MTL_ENABLE_DEBUG_INFO = NO;
				MTL_FAST_MATH = YES;
				SDKROOT = iphoneos;
				SWIFT_COMPILATION_MODE = wholemodule;
				SWIFT_OPTIMIZATION_LEVEL = "-O";
				VALIDATE_PRODUCT = YES;
			};
			name = Release;
		};
		9A22B8B12564FC330024E81A /* Debug */ = {
			isa = XCBuildConfiguration;
			buildSettings = {
				ASSETCATALOG_COMPILER_APPICON_NAME = AppIcon;
				ASSETCATALOG_COMPILER_GLOBAL_ACCENT_COLOR_NAME = AccentColor;
				CODE_SIGN_STYLE = Automatic;
				DEVELOPMENT_TEAM = 4Z543ZW5NX;
				INFOPLIST_FILE = Counters/Info.plist;
				LD_RUNPATH_SEARCH_PATHS = (
					"$(inherited)",
					"@executable_path/Frameworks",
				);
				PRODUCT_BUNDLE_IDENTIFIER = com.jhonatahan.Counters;
				PRODUCT_NAME = "$(TARGET_NAME)";
				SWIFT_VERSION = 5.0;
				TARGETED_DEVICE_FAMILY = "1,2";
			};
			name = Debug;
		};
		9A22B8B22564FC330024E81A /* Release */ = {
			isa = XCBuildConfiguration;
			buildSettings = {
				ASSETCATALOG_COMPILER_APPICON_NAME = AppIcon;
				ASSETCATALOG_COMPILER_GLOBAL_ACCENT_COLOR_NAME = AccentColor;
				CODE_SIGN_STYLE = Automatic;
				DEVELOPMENT_TEAM = 4Z543ZW5NX;
				INFOPLIST_FILE = Counters/Info.plist;
				LD_RUNPATH_SEARCH_PATHS = (
					"$(inherited)",
					"@executable_path/Frameworks",
				);
				PRODUCT_BUNDLE_IDENTIFIER = com.jhonatahan.Counters;
				PRODUCT_NAME = "$(TARGET_NAME)";
				SWIFT_VERSION = 5.0;
				TARGETED_DEVICE_FAMILY = "1,2";
			};
			name = Release;
		};
		9A22B8B42564FC330024E81A /* Debug */ = {
			isa = XCBuildConfiguration;
			buildSettings = {
				ALWAYS_EMBED_SWIFT_STANDARD_LIBRARIES = YES;
				BUNDLE_LOADER = "$(TEST_HOST)";
				CODE_SIGN_STYLE = Automatic;
				DEVELOPMENT_TEAM = 4Z543ZW5NX;
				INFOPLIST_FILE = CountersTests/Info.plist;
				IPHONEOS_DEPLOYMENT_TARGET = 14.1;
				LD_RUNPATH_SEARCH_PATHS = (
					"$(inherited)",
					"@executable_path/Frameworks",
					"@loader_path/Frameworks",
				);
				PRODUCT_BUNDLE_IDENTIFIER = com.jhonatahan.CountersTests;
				PRODUCT_NAME = "$(TARGET_NAME)";
				SWIFT_VERSION = 5.0;
				TARGETED_DEVICE_FAMILY = "1,2";
				TEST_HOST = "$(BUILT_PRODUCTS_DIR)/Counters.app/Counters";
			};
			name = Debug;
		};
		9A22B8B52564FC330024E81A /* Release */ = {
			isa = XCBuildConfiguration;
			buildSettings = {
				ALWAYS_EMBED_SWIFT_STANDARD_LIBRARIES = YES;
				BUNDLE_LOADER = "$(TEST_HOST)";
				CODE_SIGN_STYLE = Automatic;
				DEVELOPMENT_TEAM = 4Z543ZW5NX;
				INFOPLIST_FILE = CountersTests/Info.plist;
				IPHONEOS_DEPLOYMENT_TARGET = 14.1;
				LD_RUNPATH_SEARCH_PATHS = (
					"$(inherited)",
					"@executable_path/Frameworks",
					"@loader_path/Frameworks",
				);
				PRODUCT_BUNDLE_IDENTIFIER = com.jhonatahan.CountersTests;
				PRODUCT_NAME = "$(TARGET_NAME)";
				SWIFT_VERSION = 5.0;
				TARGETED_DEVICE_FAMILY = "1,2";
				TEST_HOST = "$(BUILT_PRODUCTS_DIR)/Counters.app/Counters";
			};
			name = Release;
		};
		9A22B8B72564FC330024E81A /* Debug */ = {
			isa = XCBuildConfiguration;
			buildSettings = {
				ALWAYS_EMBED_SWIFT_STANDARD_LIBRARIES = YES;
				CODE_SIGN_STYLE = Automatic;
				DEVELOPMENT_TEAM = 4Z543ZW5NX;
				INFOPLIST_FILE = CountersUITests/Info.plist;
				LD_RUNPATH_SEARCH_PATHS = (
					"$(inherited)",
					"@executable_path/Frameworks",
					"@loader_path/Frameworks",
				);
				PRODUCT_BUNDLE_IDENTIFIER = com.jhonatahan.CountersUITests;
				PRODUCT_NAME = "$(TARGET_NAME)";
				SWIFT_VERSION = 5.0;
				TARGETED_DEVICE_FAMILY = "1,2";
				TEST_TARGET_NAME = Counters;
			};
			name = Debug;
		};
		9A22B8B82564FC330024E81A /* Release */ = {
			isa = XCBuildConfiguration;
			buildSettings = {
				ALWAYS_EMBED_SWIFT_STANDARD_LIBRARIES = YES;
				CODE_SIGN_STYLE = Automatic;
				DEVELOPMENT_TEAM = 4Z543ZW5NX;
				INFOPLIST_FILE = CountersUITests/Info.plist;
				LD_RUNPATH_SEARCH_PATHS = (
					"$(inherited)",
					"@executable_path/Frameworks",
					"@loader_path/Frameworks",
				);
				PRODUCT_BUNDLE_IDENTIFIER = com.jhonatahan.CountersUITests;
				PRODUCT_NAME = "$(TARGET_NAME)";
				SWIFT_VERSION = 5.0;
				TARGETED_DEVICE_FAMILY = "1,2";
				TEST_TARGET_NAME = Counters;
			};
			name = Release;
		};
/* End XCBuildConfiguration section */

/* Begin XCConfigurationList section */
		9A22B87E2564FC2E0024E81A /* Build configuration list for PBXProject "Counters" */ = {
			isa = XCConfigurationList;
			buildConfigurations = (
				9A22B8AE2564FC330024E81A /* Debug */,
				9A22B8AF2564FC330024E81A /* Release */,
			);
			defaultConfigurationIsVisible = 0;
			defaultConfigurationName = Release;
		};
		9A22B8B02564FC330024E81A /* Build configuration list for PBXNativeTarget "Counters" */ = {
			isa = XCConfigurationList;
			buildConfigurations = (
				9A22B8B12564FC330024E81A /* Debug */,
				9A22B8B22564FC330024E81A /* Release */,
			);
			defaultConfigurationIsVisible = 0;
			defaultConfigurationName = Release;
		};
		9A22B8B32564FC330024E81A /* Build configuration list for PBXNativeTarget "CountersTests" */ = {
			isa = XCConfigurationList;
			buildConfigurations = (
				9A22B8B42564FC330024E81A /* Debug */,
				9A22B8B52564FC330024E81A /* Release */,
			);
			defaultConfigurationIsVisible = 0;
			defaultConfigurationName = Release;
		};
		9A22B8B62564FC330024E81A /* Build configuration list for PBXNativeTarget "CountersUITests" */ = {
			isa = XCConfigurationList;
			buildConfigurations = (
				9A22B8B72564FC330024E81A /* Debug */,
				9A22B8B82564FC330024E81A /* Release */,
			);
			defaultConfigurationIsVisible = 0;
			defaultConfigurationName = Release;
		};
/* End XCConfigurationList section */

/* Begin XCRemoteSwiftPackageReference section */
		9A22B8C92565C0E80024E81A /* XCRemoteSwiftPackageReference "Alamofire" */ = {
			isa = XCRemoteSwiftPackageReference;
			repositoryURL = "https://github.com/Alamofire/Alamofire";
			requirement = {
				kind = exactVersion;
				version = 4.9.0;
			};
		};
/* End XCRemoteSwiftPackageReference section */

/* Begin XCSwiftPackageProductDependency section */
		9A22B8CA2565C0E80024E81A /* Alamofire */ = {
			isa = XCSwiftPackageProductDependency;
			package = 9A22B8C92565C0E80024E81A /* XCRemoteSwiftPackageReference "Alamofire" */;
			productName = Alamofire;
		};
/* End XCSwiftPackageProductDependency section */

/* Begin XCVersionGroup section */
		9A22B88F2564FC2E0024E81A /* Counters.xcdatamodeld */ = {
			isa = XCVersionGroup;
			children = (
				9A22B8902564FC2E0024E81A /* Counters.xcdatamodel */,
			);
			currentVersion = 9A22B8902564FC2E0024E81A /* Counters.xcdatamodel */;
			path = Counters.xcdatamodeld;
			sourceTree = "<group>";
			versionGroupType = wrapper.xcdatamodel;
		};
/* End XCVersionGroup section */
	};
	rootObject = 9A22B87B2564FC2E0024E81A /* Project object */;
}
